
Microsoft Visual Studio Solution File, Format Version 12.00
# Visual Studio 15
VisualStudioVersion = 15.0.26730.16
MinimumVisualStudioVersion = 10.0.40219.1
Project("{FAE04EC0-301F-11D3-BF4B-00C04F79EFBC}") = "シルエット改変", "シルエット改変\シルエット改変.csproj", "{956C0CCD-93D9-4259-869F-5B3ACC24EF1D}"
EndProject
Global
	GlobalSection(SolutionConfigurationPlatforms) = preSolution
		Debug|Any CPU = Debug|Any CPU
		Release|Any CPU = Release|Any CPU
	EndGlobalSection
	GlobalSection(ProjectConfigurationPlatforms) = postSolution
		{956C0CCD-93D9-4259-869F-5B3ACC24EF1D}.Debug|Any CPU.ActiveCfg = Debug|Any CPU
		{956C0CCD-93D9-4259-869F-5B3ACC24EF1D}.Debug|Any CPU.Build.0 = Debug|Any CPU
		{956C0CCD-93D9-4259-869F-5B3ACC24EF1D}.Release|Any CPU.ActiveCfg = Release|Any CPU
		{956C0CCD-93D9-4259-869F-5B3ACC24EF1D}.Release|Any CPU.Build.0 = Release|Any CPU
	EndGlobalSection
	GlobalSection(SolutionProperties) = preSolution
		HideSolutionNode = FALSE
	EndGlobalSection
	GlobalSection(ExtensibilityGlobals) = postSolution
		SolutionGuid = {382072FE-F999-4AAB-93E7-80B82B7653CB}
	EndGlobalSection
EndGlobal
